// !$*UTF8*$!
{
	archiveVersion = 1;
	classes = {
	};
	objectVersion = 46;
	objects = {

/* Begin PBXBuildFile section */
		358851A61E50A43900A493AA /* AppDelegate.swift in Sources */ = {isa = PBXBuildFile; fileRef = 358851A51E50A43900A493AA /* AppDelegate.swift */; };
		358851A81E50A43900A493AA /* ViewController.swift in Sources */ = {isa = PBXBuildFile; fileRef = 358851A71E50A43900A493AA /* ViewController.swift */; };
		358851AB1E50A43A00A493AA /* Main.storyboard in Resources */ = {isa = PBXBuildFile; fileRef = 358851A91E50A43A00A493AA /* Main.storyboard */; };
		358851AE1E50A43A00A493AA /* MedAppointment.xcdatamodeld in Sources */ = {isa = PBXBuildFile; fileRef = 358851AC1E50A43A00A493AA /* MedAppointment.xcdatamodeld */; };
		358851B01E50A43A00A493AA /* Assets.xcassets in Resources */ = {isa = PBXBuildFile; fileRef = 358851AF1E50A43A00A493AA /* Assets.xcassets */; };
		358851B31E50A43A00A493AA /* LaunchScreen.storyboard in Resources */ = {isa = PBXBuildFile; fileRef = 358851B11E50A43A00A493AA /* LaunchScreen.storyboard */; };
/* End PBXBuildFile section */

/* Begin PBXFileReference section */
		358851A21E50A43900A493AA /* MedAppointment.app */ = {isa = PBXFileReference; explicitFileType = wrapper.application; includeInIndex = 0; path = MedAppointment.app; sourceTree = BUILT_PRODUCTS_DIR; };
		358851A51E50A43900A493AA /* AppDelegate.swift */ = {isa = PBXFileReference; lastKnownFileType = sourcecode.swift; path = AppDelegate.swift; sourceTree = "<group>"; };
		358851A71E50A43900A493AA /* ViewController.swift */ = {isa = PBXFileReference; lastKnownFileType = sourcecode.swift; path = ViewController.swift; sourceTree = "<group>"; };
		358851AA1E50A43A00A493AA /* Base */ = {isa = PBXFileReference; lastKnownFileType = file.storyboard; name = Base; path = Base.lproj/Main.storyboard; sourceTree = "<group>"; };
		358851AD1E50A43A00A493AA /* MedAppointment.xcdatamodel */ = {isa = PBXFileReference; lastKnownFileType = wrapper.xcdatamodel; path = MedAppointment.xcdatamodel; sourceTree = "<group>"; };
		358851AF1E50A43A00A493AA /* Assets.xcassets */ = {isa = PBXFileReference; lastKnownFileType = folder.assetcatalog; path = Assets.xcassets; sourceTree = "<group>"; };
		358851B21E50A43A00A493AA /* Base */ = {isa = PBXFileReference; lastKnownFileType = file.storyboard; name = Base; path = Base.lproj/LaunchScreen.storyboard; sourceTree = "<group>"; };
		358851B41E50A43A00A493AA /* Info.plist */ = {isa = PBXFileReference; lastKnownFileType = text.plist.xml; path = Info.plist; sourceTree = "<group>"; };
/* End PBXFileReference section */

/* Begin PBXFrameworksBuildPhase section */
		3588519F1E50A43800A493AA /* Frameworks */ = {
			isa = PBXFrameworksBuildPhase;
			buildActionMask = 2147483647;
			files = (
			);
			runOnlyForDeploymentPostprocessing = 0;
		};
/* End PBXFrameworksBuildPhase section */

/* Begin PBXGroup section */
		358851991E50A43800A493AA = {
			isa = PBXGroup;
			children = (
				358851A41E50A43900A493AA /* MedAppointment */,
				358851A31E50A43900A493AA /* Products */,
			);
			sourceTree = "<group>";
		};
		358851A31E50A43900A493AA /* Products */ = {
			isa = PBXGroup;
			children = (
				358851A21E50A43900A493AA /* MedAppointment.app */,
			);
			name = Products;
			sourceTree = "<group>";
		};
		358851A41E50A43900A493AA /* MedAppointment */ = {
			isa = PBXGroup;
			children = (
				358851A51E50A43900A493AA /* AppDelegate.swift */,
				358851A71E50A43900A493AA /* ViewController.swift */,
				358851A91E50A43A00A493AA /* Main.storyboard */,
				358851AF1E50A43A00A493AA /* Assets.xcassets */,
				358851B11E50A43A00A493AA /* LaunchScreen.storyboard */,
				358851B41E50A43A00A493AA /* Info.plist */,
				358851AC1E50A43A00A493AA /* MedAppointment.xcdatamodeld */,
			);
			path = MedAppointment;
			sourceTree = "<group>";
		};
/* End PBXGroup section */

/* Begin PBXNativeTarget section */
		358851A11E50A43800A493AA /* MedAppointment */ = {
			isa = PBXNativeTarget;
			buildConfigurationList = 358851B71E50A43A00A493AA /* Build configuration list for PBXNativeTarget "MedAppointment" */;
			buildPhases = (
				3588519E1E50A43800A493AA /* Sources */,
				3588519F1E50A43800A493AA /* Frameworks */,
				358851A01E50A43800A493AA /* Resources */,
			);
			buildRules = (
			);
			dependencies = (
			);
			name = MedAppointment;
			productName = MedAppointment;
			productReference = 358851A21E50A43900A493AA /* MedAppointment.app */;
			productType = "com.apple.product-type.application";
		};
/* End PBXNativeTarget section */

/* Begin PBXProject section */
		3588519A1E50A43800A493AA /* Project object */ = {
			isa = PBXProject;
			attributes = {
				LastSwiftUpdateCheck = 0820;
				LastUpgradeCheck = 0820;
				ORGANIZATIONNAME = Kanya;
				TargetAttributes = {
					358851A11E50A43800A493AA = {
						CreatedOnToolsVersion = 8.2.1;
						ProvisioningStyle = Automatic;
					};
				};
			};
			buildConfigurationList = 3588519D1E50A43800A493AA /* Build configuration list for PBXProject "MedAppointment" */;
			compatibilityVersion = "Xcode 3.2";
			developmentRegion = English;
			hasScannedForEncodings = 0;
			knownRegions = (
				en,
				Base,
			);
			mainGroup = 358851991E50A43800A493AA;
			productRefGroup = 358851A31E50A43900A493AA /* Products */;
			projectDirPath = "";
			projectRoot = "";
			targets = (
				358851A11E50A43800A493AA /* MedAppointment */,
			);
		};
/* End PBXProject section */

/* Begin PBXResourcesBuildPhase section */
		358851A01E50A43800A493AA /* Resources */ = {
			isa = PBXResourcesBuildPhase;
			buildActionMask = 2147483647;
			files = (
				358851B31E50A43A00A493AA /* LaunchScreen.storyboard in Resources */,
				358851B01E50A43A00A493AA /* Assets.xcassets in Resources */,
				358851AB1E50A43A00A493AA /* Main.storyboard in Resources */,
			);
			runOnlyForDeploymentPostprocessing = 0;
		};
/* End PBXResourcesBuildPhase section */

/* Begin PBXSourcesBuildPhase section */
		3588519E1E50A43800A493AA /* Sources */ = {
			isa = PBXSourcesBuildPhase;
			buildActionMask = 2147483647;
			files = (
				358851A81E50A43900A493AA /* ViewController.swift in Sources */,
				358851AE1E50A43A00A493AA /* MedAppointment.xcdatamodeld in Sources */,
				358851A61E50A43900A493AA /* AppDelegate.swift in Sources */,
			);
			runOnlyForDeploymentPostprocessing = 0;
		};
/* End PBXSourcesBuildPhase section */

/* Begin PBXVariantGroup section */
		358851A91E50A43A00A493AA /* Main.storyboard */ = {
			isa = PBXVariantGroup;
			children = (
				358851AA1E50A43A00A493AA /* Base */,
			);
			name = Main.storyboard;
			sourceTree = "<group>";
		};
		358851B11E50A43A00A493AA /* LaunchScreen.storyboard */ = {
			isa = PBXVariantGroup;
			children = (
				358851B21E50A43A00A493AA /* Base */,
			);
			name = LaunchScreen.storyboard;
			sourceTree = "<group>";
		};
/* End PBXVariantGroup section */

/* Begin XCBuildConfiguration section */
		358851B51E50A43A00A493AA /* Debug */ = {
			isa = XCBuildConfiguration;
			buildSettings = {
				ALWAYS_SEARCH_USER_PATHS = NO;
				CLANG_ANALYZER_NONNULL = YES;
				CLANG_CXX_LANGUAGE_STANDARD = "gnu++0x";
				CLANG_CXX_LIBRARY = "libc++";
				CLANG_ENABLE_MODULES = YES;
				CLANG_ENABLE_OBJC_ARC = YES;
				CLANG_WARN_BOOL_CONVERSION = YES;
				CLANG_WARN_CONSTANT_CONVERSION = YES;
				CLANG_WARN_DIRECT_OBJC_ISA_USAGE = YES_ERROR;
				CLANG_WARN_DOCUMENTATION_COMMENTS = YES;
				CLANG_WARN_EMPTY_BODY = YES;
				CLANG_WARN_ENUM_CONVERSION = YES;
				CLANG_WARN_INFINITE_RECURSION = YES;
				CLANG_WARN_INT_CONVERSION = YES;
				CLANG_WARN_OBJC_ROOT_CLASS = YES_ERROR;
				CLANG_WARN_SUSPICIOUS_MOVE = YES;
				CLANG_WARN_UNREACHABLE_CODE = YES;
				CLANG_WARN__DUPLICATE_METHOD_MATCH = YES;
				"CODE_SIGN_IDENTITY[sdk=iphoneos*]" = "iPhone Developer";
				COPY_PHASE_STRIP = NO;
				DEBUG_INFORMATION_FORMAT = dwarf;
				ENABLE_STRICT_OBJC_MSGSEND = YES;
				ENABLE_TESTABILITY = YES;
				GCC_C_LANGUAGE_STANDARD = gnu99;
				GCC_DYNAMIC_NO_PIC = NO;
				GCC_NO_COMMON_BLOCKS = YES;
				GCC_OPTIMIZATION_LEVEL = 0;
				GCC_PREPROCESSOR_DEFINITIONS = (
					"DEBUG=1",
					"$(inherited)",
				);
				GCC_WARN_64_TO_32_BIT_CONVERSION = YES;
				GCC_WARN_ABOUT_RETURN_TYPE = YES_ERROR;
				GCC_WARN_UNDECLARED_SELECTOR = YES;
				GCC_WARN_UNINITIALIZED_AUTOS = YES_AGGRESSIVE;
				GCC_WARN_UNUSED_FUNCTION = YES;
				GCC_WARN_UNUSED_VARIABLE = YES;
				IPHONEOS_DEPLOYMENT_TARGET = 10.2;
				MTL_ENABLE_DEBUG_INFO = YES;
				ONLY_ACTIVE_ARCH = YES;
				SDKROOT = iphoneos;
				SWIFT_ACTIVE_COMPILATION_CONDITIONS = DEBUG;
				SWIFT_OPTIMIZATION_LEVEL = "-Onone";
			};
			name = Debug;
		};
		358851B61E50A43A00A493AA /* Release */ = {
			isa = XCBuildConfiguration;
			buildSettings = {
				ALWAYS_SEARCH_USER_PATHS = NO;
				CLANG_ANALYZER_NONNULL = YES;
				CLANG_CXX_LANGUAGE_STANDARD = "gnu++0x";
				CLANG_CXX_LIBRARY = "libc++";
				CLANG_ENABLE_MODULES = YES;
				CLANG_ENABLE_OBJC_ARC = YES;
				CLANG_WARN_BOOL_CONVERSION = YES;
				CLANG_WARN_CONSTANT_CONVERSION = YES;
				CLANG_WARN_DIRECT_OBJC_ISA_USAGE = YES_ERROR;
				CLANG_WARN_DOCUMENTATION_COMMENTS = YES;
				CLANG_WARN_EMPTY_BODY = YES;
				CLANG_WARN_ENUM_CONVERSION = YES;
				CLANG_WARN_INFINITE_RECURSION = YES;
				CLANG_WARN_INT_CONVERSION = YES;
				CLANG_WARN_OBJC_ROOT_CLASS = YES_ERROR;
				CLANG_WARN_SUSPICIOUS_MOVE = YES;
				CLANG_WARN_UNREACHABLE_CODE = YES;
				CLANG_WARN__DUPLICATE_METHOD_MATCH = YES;
				"CODE_SIGN_IDENTITY[sdk=iphoneos*]" = "iPhone Developer";
				COPY_PHASE_STRIP = NO;
				DEBUG_INFORMATION_FORMAT = "dwarf-with-dsym";
				ENABLE_NS_ASSERTIONS = NO;
				ENABLE_STRICT_OBJC_MSGSEND = YES;
				GCC_C_LANGUAGE_STANDARD = gnu99;
				GCC_NO_COMMON_BLOCKS = YES;
				GCC_WARN_64_TO_32_BIT_CONVERSION = YES;
				GCC_WARN_ABOUT_RETURN_TYPE = YES_ERROR;
				GCC_WARN_UNDECLARED_SELECTOR = YES;
				GCC_WARN_UNINITIALIZED_AUTOS = YES_AGGRESSIVE;
				GCC_WARN_UNUSED_FUNCTION = YES;
				GCC_WARN_UNUSED_VARIABLE = YES;
				IPHONEOS_DEPLOYMENT_TARGET = 10.2;
				MTL_ENABLE_DEBUG_INFO = NO;
				SDKROOT = iphoneos;
				SWIFT_OPTIMIZATION_LEVEL = "-Owholemodule";
				VALIDATE_PRODUCT = YES;
			};
			name = Release;
		};
		358851B81E50A43A00A493AA /* Debug */ = {
			isa = XCBuildConfiguration;
			buildSettings = {
				ASSETCATALOG_COMPILER_APPICON_NAME = AppIcon;
				INFOPLIST_FILE = MedAppointment/Info.plist;
				LD_RUNPATH_SEARCH_PATHS = "$(inherited) @executable_path/Frameworks";
				PRODUCT_BUNDLE_IDENTIFIER = com.tcs.MedAppointment;
				PRODUCT_NAME = "$(TARGET_NAME)";
				SWIFT_VERSION = 3.0;
			};
			name = Debug;
		};
		358851B91E50A43A00A493AA /* Release */ = {
			isa = XCBuildConfiguration;
			buildSettings = {
				ASSETCATALOG_COMPILER_APPICON_NAME = AppIcon;
				INFOPLIST_FILE = MedAppointment/Info.plist;
				LD_RUNPATH_SEARCH_PATHS = "$(inherited) @executable_path/Frameworks";
				PRODUCT_BUNDLE_IDENTIFIER = com.tcs.MedAppointment;
				PRODUCT_NAME = "$(TARGET_NAME)";
				SWIFT_VERSION = 3.0;
			};
			name = Release;
		};
/* End XCBuildConfiguration section */

/* Begin XCConfigurationList section */
		3588519D1E50A43800A493AA /* Build configuration list for PBXProject "MedAppointment" */ = {
			isa = XCConfigurationList;
			buildConfigurations = (
				358851B51E50A43A00A493AA /* Debug */,
				358851B61E50A43A00A493AA /* Release */,
			);
			defaultConfigurationIsVisible = 0;
			defaultConfigurationName = Release;
		};
		358851B71E50A43A00A493AA /* Build configuration list for PBXNativeTarget "MedAppointment" */ = {
			isa = XCConfigurationList;
			buildConfigurations = (
				358851B81E50A43A00A493AA /* Debug */,
				358851B91E50A43A00A493AA /* Release */,
			);
			defaultConfigurationIsVisible = 0;
		};
/* End XCConfigurationList section */

/* Begin XCVersionGroup section */
		358851AC1E50A43A00A493AA /* MedAppointment.xcdatamodeld */ = {
			isa = XCVersionGroup;
			children = (
				358851AD1E50A43A00A493AA /* MedAppointment.xcdatamodel */,
			);
			currentVersion = 358851AD1E50A43A00A493AA /* MedAppointment.xcdatamodel */;
			path = MedAppointment.xcdatamodeld;
			sourceTree = "<group>";
			versionGroupType = wrapper.xcdatamodel;
		};
/* End XCVersionGroup section */
	};
	rootObject = 3588519A1E50A43800A493AA /* Project object */;
}
